{
  "nodes": {
    "backtab": {
      "inputs": {
        "nixpkgs": [
          "nixpkgs"
        ]
      },
      "locked": {
        "lastModified": 1735942300,
        "narHash": "sha256-iAcXWQ4H9UhDX15kDTRBkUU72Yqh/vd9wRggH8harlc=",
        "owner": "voidwarranties",
        "repo": "backtab",
        "rev": "901a638f36b0be28a8e15cbad8ad9d1decd35bb6",
        "type": "github"
      },
      "original": {
        "owner": "voidwarranties",
        "repo": "backtab",
        "type": "github"
      }
    },
    "devshell": {
      "inputs": {
        "nixpkgs": [
          "nixpkgs"
        ]
      },
      "locked": {
        "lastModified": 1735644329,
        "narHash": "sha256-tO3HrHriyLvipc4xr+Ewtdlo7wM1OjXNjlWRgmM7peY=",
        "owner": "numtide",
        "repo": "devshell",
        "rev": "f7795ede5b02664b57035b3b757876703e2c3eac",
        "type": "github"
      },
      "original": {
        "owner": "numtide",
        "repo": "devshell",
        "type": "github"
      }
    },
    "devshell_2": {
      "inputs": {
        "nixpkgs": [
          "tab-ui",
          "nixpkgs"
        ]
      },
      "locked": {
        "lastModified": 1735644329,
        "narHash": "sha256-tO3HrHriyLvipc4xr+Ewtdlo7wM1OjXNjlWRgmM7peY=",
        "owner": "numtide",
        "repo": "devshell",
        "rev": "f7795ede5b02664b57035b3b757876703e2c3eac",
        "type": "github"
      },
      "original": {
        "owner": "numtide",
        "repo": "devshell",
        "type": "github"
      }
    },
    "nixpkgs": {
      "locked": {
        "lastModified": 1741048562,
        "narHash": "sha256-W4YZ3fvWZiFYYyd900kh8P8wU6DHSiwaH0j4+fai1Sk=",
        "owner": "NixOS",
        "repo": "nixpkgs",
        "rev": "6af28b834daca767a7ef99f8a7defa957d0ade6f",
        "type": "github"
      },
      "original": {
        "owner": "NixOS",
        "ref": "nixos-24.11",
        "repo": "nixpkgs",
        "type": "github"
      }
    },
    "poweroffd": {
      "inputs": {
        "nixpkgs": [
          "nixpkgs"
        ]
      },
      "locked": {
        "lastModified": 1739568803,
        "narHash": "sha256-9TVR6XxDiODqCk725PPsuhAYP1hLwtc+TKOsxOiihr0=",
        "owner": "voidwarranties",
        "repo": "poweroffd",
        "rev": "2b73de45fc25046797526b6e6f87de6e1e2b33b0",
        "type": "github"
      },
      "original": {
        "owner": "voidwarranties",
        "repo": "poweroffd",
        "type": "github"
      }
    },
    "root": {
      "inputs": {
        "backtab": "backtab",
        "devshell": "devshell",
        "nixpkgs": "nixpkgs",
        "poweroffd": "poweroffd",
        "tab-ui": "tab-ui"
      }
    },
    "tab-ui": {
      "inputs": {
        "devshell": "devshell_2",
        "nixpkgs": [
          "nixpkgs"
        ]
      },
      "locked": {
        "lastModified": 1741213366,
        "narHash": "sha256-OC0I7phfySQG0CbXsinVihkQ4Dz+x4V8lvUL1rj/K3s=",
        "owner": "voidwarranties",
        "repo": "tab-ui",
        "rev": "db776b56e700ae7a2166b5270c3f6e37e5c3035b",
        "type": "github"
      },
      "original": {
        "owner": "voidwarranties",
        "repo": "tab-ui",
        "type": "github"
      }
    }
  },
  "root": "root",
  "version": 7
}
