{
  "nodes": {
    "backtab": {
      "inputs": {
        "nixpkgs": [
          "nixpkgs"
        ]
      },
      "locked": {
        "lastModified": 1735750445,
        "narHash": "sha256-mot8A0jbdIYOPOJuC8vBgGjvz0XbQuJyLT2thwA6l3w=",
        "owner": "voidwarranties",
        "repo": "backtab",
        "rev": "821c31d9c603f8e9d6abe194e69a2a9bca8f2a21",
        "type": "github"
      },
      "original": {
        "owner": "voidwarranties",
        "ref": "nixos-module",
        "repo": "backtab",
        "type": "github"
      }
    },
    "devshell": {
      "inputs": {
        "nixpkgs": [
          "nixpkgs"
        ]
      },
      "locked": {
        "lastModified": 1728330715,
        "narHash": "sha256-xRJ2nPOXb//u1jaBnDP56M7v5ldavjbtR6lfGqSvcKg=",
        "owner": "numtide",
        "repo": "devshell",
        "rev": "dd6b80932022cea34a019e2bb32f6fa9e494dfef",
        "type": "github"
      },
      "original": {
        "owner": "numtide",
        "repo": "devshell",
        "type": "github"
      }
    },
    "nixpkgs": {
      "locked": {
        "lastModified": 1733808091,
        "narHash": "sha256-KWwINTQelKOoQgrXftxoqxmKFZb9pLVfnRvK270nkVk=",
        "owner": "NixOS",
        "repo": "nixpkgs",
        "rev": "a0f3e10d94359665dba45b71b4227b0aeb851f8e",
        "type": "github"
      },
      "original": {
        "owner": "NixOS",
        "ref": "nixos-24.11",
        "repo": "nixpkgs",
        "type": "github"
      }
    },
    "root": {
      "inputs": {
        "backtab": "backtab",
        "devshell": "devshell",
        "nixpkgs": "nixpkgs",
        "tab-ui": "tab-ui"
      }
    },
    "tab-ui": {
      "inputs": {
        "nixpkgs": [
          "nixpkgs"
        ]
      },
      "locked": {
        "lastModified": 1735747370,
        "narHash": "sha256-IP1+1hepiWlttwwK6GwO0traVfK5Kp0JffJMGOz0dYc=",
        "owner": "voidwarranties",
        "repo": "tab-ui",
        "rev": "b5c8a11f951e4585de9f656ac862b6648378b5f3",
        "type": "github"
      },
      "original": {
        "owner": "voidwarranties",
        "repo": "tab-ui",
        "type": "github"
      }
    }
  },
  "root": "root",
  "version": 7
}
